
Microsoft Visual Studio Solution File, Format Version 12.00
# Visual Studio 14
VisualStudioVersion = 14.0.25420.1
MinimumVisualStudioVersion = 10.0.40219.1
Project("{FAE04EC0-301F-11D3-BF4B-00C04F79EFBC}") = "OnlineTester", "OnlineTester\OnlineTester.csproj", "{E4436CA7-4707-4D26-AC9E-44C50208B689}"
EndProject
Project("{FAE04EC0-301F-11D3-BF4B-00C04F79EFBC}") = "OnlineTester.io", "OnlineTester.io\OnlineTester.io.csproj", "{BFC6EAD4-75D9-4DDD-99B6-3DAC4EE85F92}"
EndProject
Project("{FAE04EC0-301F-11D3-BF4B-00C04F79EFBC}") = "OnlineTester.data", "OnlineTester.data\OnlineTester.data.csproj", "{8E54DF53-BB14-45BF-85E9-4843B053DCF3}"
EndProject
Global
	GlobalSection(Performance) = preSolution
		HasPerformanceSessions = true
	EndGlobalSection
	GlobalSection(SolutionConfigurationPlatforms) = preSolution
		Debug|Any CPU = Debug|Any CPU
		Release|Any CPU = Release|Any CPU
	EndGlobalSection
	GlobalSection(ProjectConfigurationPlatforms) = postSolution
		{E4436CA7-4707-4D26-AC9E-44C50208B689}.Debug|Any CPU.ActiveCfg = Debug|Any CPU
		{E4436CA7-4707-4D26-AC9E-44C50208B689}.Debug|Any CPU.Build.0 = Debug|Any CPU
		{E4436CA7-4707-4D26-AC9E-44C50208B689}.Release|Any CPU.ActiveCfg = Release|Any CPU
		{E4436CA7-4707-4D26-AC9E-44C50208B689}.Release|Any CPU.Build.0 = Release|Any CPU
		{BFC6EAD4-75D9-4DDD-99B6-3DAC4EE85F92}.Debug|Any CPU.ActiveCfg = Debug|Any CPU
		{BFC6EAD4-75D9-4DDD-99B6-3DAC4EE85F92}.Debug|Any CPU.Build.0 = Debug|Any CPU
		{BFC6EAD4-75D9-4DDD-99B6-3DAC4EE85F92}.Release|Any CPU.ActiveCfg = Release|Any CPU
		{BFC6EAD4-75D9-4DDD-99B6-3DAC4EE85F92}.Release|Any CPU.Build.0 = Release|Any CPU
		{8E54DF53-BB14-45BF-85E9-4843B053DCF3}.Debug|Any CPU.ActiveCfg = Debug|Any CPU
		{8E54DF53-BB14-45BF-85E9-4843B053DCF3}.Debug|Any CPU.Build.0 = Debug|Any CPU
		{8E54DF53-BB14-45BF-85E9-4843B053DCF3}.Release|Any CPU.ActiveCfg = Release|Any CPU
		{8E54DF53-BB14-45BF-85E9-4843B053DCF3}.Release|Any CPU.Build.0 = Release|Any CPU
	EndGlobalSection
	GlobalSection(SolutionProperties) = preSolution
		HideSolutionNode = FALSE
	EndGlobalSection
EndGlobal
